
Microsoft Visual Studio Solution File, Format Version 12.00
# Visual Studio 15
Project("{FAE04EC0-301F-11D3-BF4B-00C04F79EFBC}") = "Assembly-CSharp", "Assembly-CSharp.csproj", "{DE1AA1C6-044C-9283-0098-3A880CCD6F38}"
EndProject
Project("{FAE04EC0-301F-11D3-BF4B-00C04F79EFBC}") = "NavMeshComponents", "NavMeshComponents.csproj", "{9A6BF882-B93F-170A-6CC8-C9DAA30BC81D}"
EndProject
Project("{FAE04EC0-301F-11D3-BF4B-00C04F79EFBC}") = "NavMeshComponentsEditor", "NavMeshComponentsEditor.csproj", "{0A9D6D8D-CF27-AA08-0BA4-81928089DD79}"
EndProject
Global
	GlobalSection(SolutionConfigurationPlatforms) = preSolution
		Debug|Any CPU = Debug|Any CPU
		Release|Any CPU = Release|Any CPU
	EndGlobalSection
	GlobalSection(ProjectConfigurationPlatforms) = postSolution
		{DE1AA1C6-044C-9283-0098-3A880CCD6F38}.Debug|Any CPU.ActiveCfg = Debug|Any CPU
		{DE1AA1C6-044C-9283-0098-3A880CCD6F38}.Debug|Any CPU.Build.0 = Debug|Any CPU
		{DE1AA1C6-044C-9283-0098-3A880CCD6F38}.Release|Any CPU.ActiveCfg = Release|Any CPU
		{DE1AA1C6-044C-9283-0098-3A880CCD6F38}.Release|Any CPU.Build.0 = Release|Any CPU
		{9A6BF882-B93F-170A-6CC8-C9DAA30BC81D}.Debug|Any CPU.ActiveCfg = Debug|Any CPU
		{9A6BF882-B93F-170A-6CC8-C9DAA30BC81D}.Debug|Any CPU.Build.0 = Debug|Any CPU
		{9A6BF882-B93F-170A-6CC8-C9DAA30BC81D}.Release|Any CPU.ActiveCfg = Release|Any CPU
		{9A6BF882-B93F-170A-6CC8-C9DAA30BC81D}.Release|Any CPU.Build.0 = Release|Any CPU
		{0A9D6D8D-CF27-AA08-0BA4-81928089DD79}.Debug|Any CPU.ActiveCfg = Debug|Any CPU
		{0A9D6D8D-CF27-AA08-0BA4-81928089DD79}.Debug|Any CPU.Build.0 = Debug|Any CPU
		{0A9D6D8D-CF27-AA08-0BA4-81928089DD79}.Release|Any CPU.ActiveCfg = Release|Any CPU
		{0A9D6D8D-CF27-AA08-0BA4-81928089DD79}.Release|Any CPU.Build.0 = Release|Any CPU
	EndGlobalSection
	GlobalSection(SolutionProperties) = preSolution
		HideSolutionNode = FALSE
	EndGlobalSection
EndGlobal
